
Microsoft Visual Studio Solution File, Format Version 12.00
# Visual Studio 2013
VisualStudioVersion = 12.0.40629.0
MinimumVisualStudioVersion = 10.0.40219.1
Project("{FAE04EC0-301F-11D3-BF4B-00C04F79EFBC}") = "DtoLib", "DtoLib\DtoLib.csproj", "{C99859D5-0CB8-4438-859F-EEA0DE52864D}"
EndProject
Project("{FAE04EC0-301F-11D3-BF4B-00C04F79EFBC}") = "DtoLibPos", "DtoLibPos\DtoLibPos.csproj", "{FE601764-384C-4055-9983-BFAEA6B2D250}"
EndProject
Project("{2150E333-8FDC-42A3-9474-1A3956D46DE8}") = "Servicio", "Servicio", "{F3197B74-D492-486F-87FB-F45E7CBCF628}"
EndProject
Project("{2150E333-8FDC-42A3-9474-1A3956D46DE8}") = "Data", "Data", "{A39DD0A8-A39B-4CF3-BBCE-5EEFF83A6BF2}"
EndProject
Project("{2150E333-8FDC-42A3-9474-1A3956D46DE8}") = "DTO", "DTO", "{A4AE4AA8-F318-418B-B46C-177EB02C75C6}"
EndProject
Project("{2150E333-8FDC-42A3-9474-1A3956D46DE8}") = "IProvider", "IProvider", "{6805382A-BDFC-49D5-9AF4-8A91F5A1569A}"
EndProject
Project("{FAE04EC0-301F-11D3-BF4B-00C04F79EFBC}") = "IPos", "IPos\IPos.csproj", "{04FC1729-2D46-4E52-8816-842D9972C230}"
EndProject
Project("{2150E333-8FDC-42A3-9474-1A3956D46DE8}") = "Provider", "Provider", "{6C6F6A98-3A7E-4665-AE5E-D2B2AF2E23C5}"
EndProject
Project("{FAE04EC0-301F-11D3-BF4B-00C04F79EFBC}") = "ProvPos", "ProvPos\ProvPos.csproj", "{3FF4AED8-40C3-4967-B5E0-84B00BA60267}"
EndProject
Project("{2150E333-8FDC-42A3-9474-1A3956D46DE8}") = "Entitys", "Entitys", "{CC2A2206-8555-4F10-B5C5-32F466F56E70}"
EndProject
Project("{FAE04EC0-301F-11D3-BF4B-00C04F79EFBC}") = "LibEntityPos", "LibEntityPos\LibEntityPos.csproj", "{E0AAD6B3-880C-45A1-BB77-226DA9FCD684}"
EndProject
Project("{FAE04EC0-301F-11D3-BF4B-00C04F79EFBC}") = "ServicePos", "ServicePos\ServicePos.csproj", "{33B9155F-DB5A-4BD2-9993-29CB68DED128}"
EndProject
Project("{FAE04EC0-301F-11D3-BF4B-00C04F79EFBC}") = "ConsoleTest", "ConsoleTest\ConsoleTest.csproj", "{F02F95F7-DA5E-4C31-94A9-919E688BE8C6}"
EndProject
Global
	GlobalSection(SolutionConfigurationPlatforms) = preSolution
		Debug|Any CPU = Debug|Any CPU
		Release|Any CPU = Release|Any CPU
	EndGlobalSection
	GlobalSection(ProjectConfigurationPlatforms) = postSolution
		{C99859D5-0CB8-4438-859F-EEA0DE52864D}.Debug|Any CPU.ActiveCfg = Debug|Any CPU
		{C99859D5-0CB8-4438-859F-EEA0DE52864D}.Debug|Any CPU.Build.0 = Debug|Any CPU
		{C99859D5-0CB8-4438-859F-EEA0DE52864D}.Release|Any CPU.ActiveCfg = Release|Any CPU
		{C99859D5-0CB8-4438-859F-EEA0DE52864D}.Release|Any CPU.Build.0 = Release|Any CPU
		{FE601764-384C-4055-9983-BFAEA6B2D250}.Debug|Any CPU.ActiveCfg = Debug|Any CPU
		{FE601764-384C-4055-9983-BFAEA6B2D250}.Debug|Any CPU.Build.0 = Debug|Any CPU
		{FE601764-384C-4055-9983-BFAEA6B2D250}.Release|Any CPU.ActiveCfg = Release|Any CPU
		{FE601764-384C-4055-9983-BFAEA6B2D250}.Release|Any CPU.Build.0 = Release|Any CPU
		{04FC1729-2D46-4E52-8816-842D9972C230}.Debug|Any CPU.ActiveCfg = Debug|Any CPU
		{04FC1729-2D46-4E52-8816-842D9972C230}.Debug|Any CPU.Build.0 = Debug|Any CPU
		{04FC1729-2D46-4E52-8816-842D9972C230}.Release|Any CPU.ActiveCfg = Release|Any CPU
		{04FC1729-2D46-4E52-8816-842D9972C230}.Release|Any CPU.Build.0 = Release|Any CPU
		{3FF4AED8-40C3-4967-B5E0-84B00BA60267}.Debug|Any CPU.ActiveCfg = Debug|Any CPU
		{3FF4AED8-40C3-4967-B5E0-84B00BA60267}.Debug|Any CPU.Build.0 = Debug|Any CPU
		{3FF4AED8-40C3-4967-B5E0-84B00BA60267}.Release|Any CPU.ActiveCfg = Release|Any CPU
		{3FF4AED8-40C3-4967-B5E0-84B00BA60267}.Release|Any CPU.Build.0 = Release|Any CPU
		{E0AAD6B3-880C-45A1-BB77-226DA9FCD684}.Debug|Any CPU.ActiveCfg = Debug|Any CPU
		{E0AAD6B3-880C-45A1-BB77-226DA9FCD684}.Debug|Any CPU.Build.0 = Debug|Any CPU
		{E0AAD6B3-880C-45A1-BB77-226DA9FCD684}.Release|Any CPU.ActiveCfg = Release|Any CPU
		{E0AAD6B3-880C-45A1-BB77-226DA9FCD684}.Release|Any CPU.Build.0 = Release|Any CPU
		{33B9155F-DB5A-4BD2-9993-29CB68DED128}.Debug|Any CPU.ActiveCfg = Debug|Any CPU
		{33B9155F-DB5A-4BD2-9993-29CB68DED128}.Debug|Any CPU.Build.0 = Debug|Any CPU
		{33B9155F-DB5A-4BD2-9993-29CB68DED128}.Release|Any CPU.ActiveCfg = Release|Any CPU
		{33B9155F-DB5A-4BD2-9993-29CB68DED128}.Release|Any CPU.Build.0 = Release|Any CPU
		{F02F95F7-DA5E-4C31-94A9-919E688BE8C6}.Debug|Any CPU.ActiveCfg = Debug|Any CPU
		{F02F95F7-DA5E-4C31-94A9-919E688BE8C6}.Debug|Any CPU.Build.0 = Debug|Any CPU
		{F02F95F7-DA5E-4C31-94A9-919E688BE8C6}.Release|Any CPU.ActiveCfg = Release|Any CPU
		{F02F95F7-DA5E-4C31-94A9-919E688BE8C6}.Release|Any CPU.Build.0 = Release|Any CPU
	EndGlobalSection
	GlobalSection(SolutionProperties) = preSolution
		HideSolutionNode = FALSE
	EndGlobalSection
	GlobalSection(NestedProjects) = preSolution
		{C99859D5-0CB8-4438-859F-EEA0DE52864D} = {A4AE4AA8-F318-418B-B46C-177EB02C75C6}
		{FE601764-384C-4055-9983-BFAEA6B2D250} = {A4AE4AA8-F318-418B-B46C-177EB02C75C6}
		{A4AE4AA8-F318-418B-B46C-177EB02C75C6} = {A39DD0A8-A39B-4CF3-BBCE-5EEFF83A6BF2}
		{6805382A-BDFC-49D5-9AF4-8A91F5A1569A} = {A39DD0A8-A39B-4CF3-BBCE-5EEFF83A6BF2}
		{04FC1729-2D46-4E52-8816-842D9972C230} = {6805382A-BDFC-49D5-9AF4-8A91F5A1569A}
		{6C6F6A98-3A7E-4665-AE5E-D2B2AF2E23C5} = {A39DD0A8-A39B-4CF3-BBCE-5EEFF83A6BF2}
		{3FF4AED8-40C3-4967-B5E0-84B00BA60267} = {6C6F6A98-3A7E-4665-AE5E-D2B2AF2E23C5}
		{CC2A2206-8555-4F10-B5C5-32F466F56E70} = {A39DD0A8-A39B-4CF3-BBCE-5EEFF83A6BF2}
		{E0AAD6B3-880C-45A1-BB77-226DA9FCD684} = {CC2A2206-8555-4F10-B5C5-32F466F56E70}
		{33B9155F-DB5A-4BD2-9993-29CB68DED128} = {F3197B74-D492-486F-87FB-F45E7CBCF628}
		{F02F95F7-DA5E-4C31-94A9-919E688BE8C6} = {A39DD0A8-A39B-4CF3-BBCE-5EEFF83A6BF2}
	EndGlobalSection
EndGlobal
